
Microsoft Visual Studio Solution File, Format Version 12.00
# Visual Studio Version 17
VisualStudioVersion = 17.9.34728.123
MinimumVisualStudioVersion = 10.0.40219.1
Project("{FAE04EC0-301F-11D3-BF4B-00C04F79EFBC}") = "Operators", "Operators\Operators.csproj", "{75916099-F019-4105-A0C2-79E7C949B551}"
EndProject
Global
	GlobalSection(SolutionConfigurationPlatforms) = preSolution
		Debug|Any CPU = Debug|Any CPU
		Release|Any CPU = Release|Any CPU
	EndGlobalSection
	GlobalSection(ProjectConfigurationPlatforms) = postSolution
		{75916099-F019-4105-A0C2-79E7C949B551}.Debug|Any CPU.ActiveCfg = Debug|Any CPU
		{75916099-F019-4105-A0C2-79E7C949B551}.Debug|Any CPU.Build.0 = Debug|Any CPU
		{75916099-F019-4105-A0C2-79E7C949B551}.Release|Any CPU.ActiveCfg = Release|Any CPU
		{75916099-F019-4105-A0C2-79E7C949B551}.Release|Any CPU.Build.0 = Release|Any CPU
	EndGlobalSection
	GlobalSection(SolutionProperties) = preSolution
		HideSolutionNode = FALSE
	EndGlobalSection
	GlobalSection(ExtensibilityGlobals) = postSolution
		SolutionGuid = {3E6533B9-6272-4F5B-B9DF-D4F1F648D430}
	EndGlobalSection
EndGlobal
